// !$*UTF8*$!
{
	archiveVersion = 1;
	classes = {
	};
	objectVersion = 55;
	objects = {

/* Begin PBXBuildFile section */
		521EE5C328CBD6A7002D2814 /* CustomCell.swift in Sources */ = {isa = PBXBuildFile; fileRef = 521EE5C228CBD6A7002D2814 /* CustomCell.swift */; };
		C03F4E3C28C1BA8100A0C35C /* AppDelegate.swift in Sources */ = {isa = PBXBuildFile; fileRef = C03F4E3B28C1BA8100A0C35C /* AppDelegate.swift */; };
		C03F4E3E28C1BA8100A0C35C /* SceneDelegate.swift in Sources */ = {isa = PBXBuildFile; fileRef = C03F4E3D28C1BA8100A0C35C /* SceneDelegate.swift */; };
		C03F4E4028C1BA8100A0C35C /* ViewController.swift in Sources */ = {isa = PBXBuildFile; fileRef = C03F4E3F28C1BA8100A0C35C /* ViewController.swift */; };
		C03F4E4528C1BA8200A0C35C /* Assets.xcassets in Resources */ = {isa = PBXBuildFile; fileRef = C03F4E4428C1BA8200A0C35C /* Assets.xcassets */; };
		C03F4E4828C1BA8200A0C35C /* LaunchScreen.storyboard in Resources */ = {isa = PBXBuildFile; fileRef = C03F4E4628C1BA8200A0C35C /* LaunchScreen.storyboard */; };
		C03F502928C1C1E800A0C35C /* UIViewController+Extensions.swift in Sources */ = {isa = PBXBuildFile; fileRef = C03F501528C1C1E800A0C35C /* UIViewController+Extensions.swift */; };
		C03F502A28C1C1E800A0C35C /* UIButton+Extensions.swift in Sources */ = {isa = PBXBuildFile; fileRef = C03F501628C1C1E800A0C35C /* UIButton+Extensions.swift */; };
		C03F502B28C1C1E800A0C35C /* UIView+Extensions.swift in Sources */ = {isa = PBXBuildFile; fileRef = C03F501728C1C1E800A0C35C /* UIView+Extensions.swift */; };
		C03F502F28C1C1E800A0C35C /* Weakify+Ext.swift in Sources */ = {isa = PBXBuildFile; fileRef = C03F501B28C1C1E800A0C35C /* Weakify+Ext.swift */; };
		C03F503028C1C1E800A0C35C /* UITextField+Extensions.swift in Sources */ = {isa = PBXBuildFile; fileRef = C03F501C28C1C1E800A0C35C /* UITextField+Extensions.swift */; };
		C03F503128C1C1E800A0C35C /* UIView+SafeAreaAnchors.swift in Sources */ = {isa = PBXBuildFile; fileRef = C03F501E28C1C1E800A0C35C /* UIView+SafeAreaAnchors.swift */; };
		C03F503228C1C1E800A0C35C /* NSLayoutDimension+Extension.swift in Sources */ = {isa = PBXBuildFile; fileRef = C03F501F28C1C1E800A0C35C /* NSLayoutDimension+Extension.swift */; };
		C03F503328C1C1E800A0C35C /* AutoLayoutOption.swift in Sources */ = {isa = PBXBuildFile; fileRef = C03F502028C1C1E800A0C35C /* AutoLayoutOption.swift */; };
		C03F503428C1C1E800A0C35C /* UIView+LayoutGuides.swift in Sources */ = {isa = PBXBuildFile; fileRef = C03F502128C1C1E800A0C35C /* UIView+LayoutGuides.swift */; };
		C03F503528C1C1E800A0C35C /* Padding.swift in Sources */ = {isa = PBXBuildFile; fileRef = C03F502228C1C1E800A0C35C /* Padding.swift */; };
		C03F503628C1C1E800A0C35C /* UIView+RawAnchors.swift in Sources */ = {isa = PBXBuildFile; fileRef = C03F502328C1C1E800A0C35C /* UIView+RawAnchors.swift */; };
		C03F503728C1C1E800A0C35C /* ActionTypealias.swift in Sources */ = {isa = PBXBuildFile; fileRef = C03F502428C1C1E800A0C35C /* ActionTypealias.swift */; };
		C03F503828C1C1E800A0C35C /* UIView+AxisAttribute.swift in Sources */ = {isa = PBXBuildFile; fileRef = C03F502528C1C1E800A0C35C /* UIView+AxisAttribute.swift */; };
		C03F503928C1C1E800A0C35C /* ViewCodeContract.swift in Sources */ = {isa = PBXBuildFile; fileRef = C03F502728C1C1E800A0C35C /* ViewCodeContract.swift */; };
		C03F503C28C1C22600A0C35C /* HomeView.swift in Sources */ = {isa = PBXBuildFile; fileRef = C03F503B28C1C22600A0C35C /* HomeView.swift */; };
		C0C2372E28CC25D5004F48E2 /* Array+Ext.swift in Sources */ = {isa = PBXBuildFile; fileRef = C0C2372D28CC25D5004F48E2 /* Array+Ext.swift */; };
		C0C2373028CD05F1004F48E2 /* CustomHeader.swift in Sources */ = {isa = PBXBuildFile; fileRef = C0C2372F28CD05F1004F48E2 /* CustomHeader.swift */; };
		C0C2373328CD0650004F48E2 /* ConnectedPeripheralModel.swift in Sources */ = {isa = PBXBuildFile; fileRef = C0C2373228CD0650004F48E2 /* ConnectedPeripheralModel.swift */; };
		C0C2373728CD06B7004F48E2 /* PeripheralModel.swift in Sources */ = {isa = PBXBuildFile; fileRef = C0C2373628CD06B7004F48E2 /* PeripheralModel.swift */; };
		C0C2373B28CD0D52004F48E2 /* LastConnectedListView.swift in Sources */ = {isa = PBXBuildFile; fileRef = C0C2373A28CD0D52004F48E2 /* LastConnectedListView.swift */; };
/* End PBXBuildFile section */

/* Begin PBXFileReference section */
		521EE5C228CBD6A7002D2814 /* CustomCell.swift */ = {isa = PBXFileReference; lastKnownFileType = sourcecode.swift; path = CustomCell.swift; sourceTree = "<group>"; };
		C03F4E3828C1BA8100A0C35C /* BluetoothApp.app */ = {isa = PBXFileReference; explicitFileType = wrapper.application; includeInIndex = 0; path = BluetoothApp.app; sourceTree = BUILT_PRODUCTS_DIR; };
		C03F4E3B28C1BA8100A0C35C /* AppDelegate.swift */ = {isa = PBXFileReference; lastKnownFileType = sourcecode.swift; path = AppDelegate.swift; sourceTree = "<group>"; };
		C03F4E3D28C1BA8100A0C35C /* SceneDelegate.swift */ = {isa = PBXFileReference; lastKnownFileType = sourcecode.swift; path = SceneDelegate.swift; sourceTree = "<group>"; };
		C03F4E3F28C1BA8100A0C35C /* ViewController.swift */ = {isa = PBXFileReference; lastKnownFileType = sourcecode.swift; path = ViewController.swift; sourceTree = "<group>"; };
		C03F4E4428C1BA8200A0C35C /* Assets.xcassets */ = {isa = PBXFileReference; lastKnownFileType = folder.assetcatalog; path = Assets.xcassets; sourceTree = "<group>"; };
		C03F4E4728C1BA8200A0C35C /* Base */ = {isa = PBXFileReference; lastKnownFileType = file.storyboard; name = Base; path = Base.lproj/LaunchScreen.storyboard; sourceTree = "<group>"; };
		C03F4E4928C1BA8200A0C35C /* Info.plist */ = {isa = PBXFileReference; lastKnownFileType = text.plist.xml; path = Info.plist; sourceTree = "<group>"; };
		C03F501528C1C1E800A0C35C /* UIViewController+Extensions.swift */ = {isa = PBXFileReference; fileEncoding = 4; lastKnownFileType = sourcecode.swift; path = "UIViewController+Extensions.swift"; sourceTree = "<group>"; };
		C03F501628C1C1E800A0C35C /* UIButton+Extensions.swift */ = {isa = PBXFileReference; fileEncoding = 4; lastKnownFileType = sourcecode.swift; path = "UIButton+Extensions.swift"; sourceTree = "<group>"; };
		C03F501728C1C1E800A0C35C /* UIView+Extensions.swift */ = {isa = PBXFileReference; fileEncoding = 4; lastKnownFileType = sourcecode.swift; path = "UIView+Extensions.swift"; sourceTree = "<group>"; };
		C03F501B28C1C1E800A0C35C /* Weakify+Ext.swift */ = {isa = PBXFileReference; fileEncoding = 4; lastKnownFileType = sourcecode.swift; path = "Weakify+Ext.swift"; sourceTree = "<group>"; };
		C03F501C28C1C1E800A0C35C /* UITextField+Extensions.swift */ = {isa = PBXFileReference; fileEncoding = 4; lastKnownFileType = sourcecode.swift; path = "UITextField+Extensions.swift"; sourceTree = "<group>"; };
		C03F501E28C1C1E800A0C35C /* UIView+SafeAreaAnchors.swift */ = {isa = PBXFileReference; fileEncoding = 4; lastKnownFileType = sourcecode.swift; path = "UIView+SafeAreaAnchors.swift"; sourceTree = "<group>"; };
		C03F501F28C1C1E800A0C35C /* NSLayoutDimension+Extension.swift */ = {isa = PBXFileReference; fileEncoding = 4; lastKnownFileType = sourcecode.swift; path = "NSLayoutDimension+Extension.swift"; sourceTree = "<group>"; };
		C03F502028C1C1E800A0C35C /* AutoLayoutOption.swift */ = {isa = PBXFileReference; fileEncoding = 4; lastKnownFileType = sourcecode.swift; path = AutoLayoutOption.swift; sourceTree = "<group>"; };
		C03F502128C1C1E800A0C35C /* UIView+LayoutGuides.swift */ = {isa = PBXFileReference; fileEncoding = 4; lastKnownFileType = sourcecode.swift; path = "UIView+LayoutGuides.swift"; sourceTree = "<group>"; };
		C03F502228C1C1E800A0C35C /* Padding.swift */ = {isa = PBXFileReference; fileEncoding = 4; lastKnownFileType = sourcecode.swift; path = Padding.swift; sourceTree = "<group>"; };
		C03F502328C1C1E800A0C35C /* UIView+RawAnchors.swift */ = {isa = PBXFileReference; fileEncoding = 4; lastKnownFileType = sourcecode.swift; path = "UIView+RawAnchors.swift"; sourceTree = "<group>"; };
		C03F502428C1C1E800A0C35C /* ActionTypealias.swift */ = {isa = PBXFileReference; fileEncoding = 4; lastKnownFileType = sourcecode.swift; path = ActionTypealias.swift; sourceTree = "<group>"; };
		C03F502528C1C1E800A0C35C /* UIView+AxisAttribute.swift */ = {isa = PBXFileReference; fileEncoding = 4; lastKnownFileType = sourcecode.swift; path = "UIView+AxisAttribute.swift"; sourceTree = "<group>"; };
		C03F502728C1C1E800A0C35C /* ViewCodeContract.swift */ = {isa = PBXFileReference; fileEncoding = 4; lastKnownFileType = sourcecode.swift; path = ViewCodeContract.swift; sourceTree = "<group>"; };
		C03F503B28C1C22600A0C35C /* HomeView.swift */ = {isa = PBXFileReference; lastKnownFileType = sourcecode.swift; path = HomeView.swift; sourceTree = "<group>"; };
		C0C2372D28CC25D5004F48E2 /* Array+Ext.swift */ = {isa = PBXFileReference; lastKnownFileType = sourcecode.swift; path = "Array+Ext.swift"; sourceTree = "<group>"; };
		C0C2372F28CD05F1004F48E2 /* CustomHeader.swift */ = {isa = PBXFileReference; lastKnownFileType = sourcecode.swift; path = CustomHeader.swift; sourceTree = "<group>"; };
		C0C2373228CD0650004F48E2 /* ConnectedPeripheralModel.swift */ = {isa = PBXFileReference; lastKnownFileType = sourcecode.swift; path = ConnectedPeripheralModel.swift; sourceTree = "<group>"; };
		C0C2373628CD06B7004F48E2 /* PeripheralModel.swift */ = {isa = PBXFileReference; lastKnownFileType = sourcecode.swift; path = PeripheralModel.swift; sourceTree = "<group>"; };
		C0C2373A28CD0D52004F48E2 /* LastConnectedListView.swift */ = {isa = PBXFileReference; lastKnownFileType = sourcecode.swift; path = LastConnectedListView.swift; sourceTree = "<group>"; };
/* End PBXFileReference section */

/* Begin PBXFrameworksBuildPhase section */
		C03F4E3528C1BA8100A0C35C /* Frameworks */ = {
			isa = PBXFrameworksBuildPhase;
			buildActionMask = 2147483647;
			files = (
			);
			runOnlyForDeploymentPostprocessing = 0;
		};
/* End PBXFrameworksBuildPhase section */

/* Begin PBXGroup section */
		C03F4E2F28C1BA8100A0C35C = {
			isa = PBXGroup;
			children = (
				C03F4E3A28C1BA8100A0C35C /* BluetoothApp */,
				C03F4E3928C1BA8100A0C35C /* Products */,
			);
			sourceTree = "<group>";
		};
		C03F4E3928C1BA8100A0C35C /* Products */ = {
			isa = PBXGroup;
			children = (
				C03F4E3828C1BA8100A0C35C /* BluetoothApp.app */,
			);
			name = Products;
			sourceTree = "<group>";
		};
		C03F4E3A28C1BA8100A0C35C /* BluetoothApp */ = {
			isa = PBXGroup;
			children = (
				C0C2373128CD063E004F48E2 /* Model */,
				C03F503A28C1C20A00A0C35C /* Views */,
				C03F501328C1C1E800A0C35C /* Extensions */,
				C03F501D28C1C1E800A0C35C /* Helpers */,
				C03F502628C1C1E800A0C35C /* Protocols */,
				C03F4E3B28C1BA8100A0C35C /* AppDelegate.swift */,
				C03F4E3D28C1BA8100A0C35C /* SceneDelegate.swift */,
				C03F4E4428C1BA8200A0C35C /* Assets.xcassets */,
				C03F4E4628C1BA8200A0C35C /* LaunchScreen.storyboard */,
				C03F4E4928C1BA8200A0C35C /* Info.plist */,
			);
			path = BluetoothApp;
			sourceTree = "<group>";
		};
		C03F501328C1C1E800A0C35C /* Extensions */ = {
			isa = PBXGroup;
			children = (
				C03F501528C1C1E800A0C35C /* UIViewController+Extensions.swift */,
				C03F501628C1C1E800A0C35C /* UIButton+Extensions.swift */,
				C03F501728C1C1E800A0C35C /* UIView+Extensions.swift */,
				C03F501B28C1C1E800A0C35C /* Weakify+Ext.swift */,
				C03F501C28C1C1E800A0C35C /* UITextField+Extensions.swift */,
				C0C2372D28CC25D5004F48E2 /* Array+Ext.swift */,
			);
			path = Extensions;
			sourceTree = "<group>";
		};
		C03F501D28C1C1E800A0C35C /* Helpers */ = {
			isa = PBXGroup;
			children = (
				C03F501E28C1C1E800A0C35C /* UIView+SafeAreaAnchors.swift */,
				C03F501F28C1C1E800A0C35C /* NSLayoutDimension+Extension.swift */,
				C03F502028C1C1E800A0C35C /* AutoLayoutOption.swift */,
				C03F502128C1C1E800A0C35C /* UIView+LayoutGuides.swift */,
				C03F502228C1C1E800A0C35C /* Padding.swift */,
				C03F502328C1C1E800A0C35C /* UIView+RawAnchors.swift */,
				C03F502428C1C1E800A0C35C /* ActionTypealias.swift */,
				C03F502528C1C1E800A0C35C /* UIView+AxisAttribute.swift */,
			);
			path = Helpers;
			sourceTree = "<group>";
		};
		C03F502628C1C1E800A0C35C /* Protocols */ = {
			isa = PBXGroup;
			children = (
				C03F502728C1C1E800A0C35C /* ViewCodeContract.swift */,
			);
			path = Protocols;
			sourceTree = "<group>";
		};
		C03F503A28C1C20A00A0C35C /* Views */ = {
			isa = PBXGroup;
			children = (
				C03F4E3F28C1BA8100A0C35C /* ViewController.swift */,
				C03F503B28C1C22600A0C35C /* HomeView.swift */,
				521EE5C228CBD6A7002D2814 /* CustomCell.swift */,
				C0C2372F28CD05F1004F48E2 /* CustomHeader.swift */,
				C0C2373A28CD0D52004F48E2 /* LastConnectedListView.swift */,
			);
			path = Views;
			sourceTree = "<group>";
		};
		C0C2373128CD063E004F48E2 /* Model */ = {
			isa = PBXGroup;
			children = (
				C0C2373228CD0650004F48E2 /* ConnectedPeripheralModel.swift */,
				C0C2373628CD06B7004F48E2 /* PeripheralModel.swift */,
			);
			path = Model;
			sourceTree = "<group>";
		};
/* End PBXGroup section */

/* Begin PBXNativeTarget section */
		C03F4E3728C1BA8100A0C35C /* BluetoothApp */ = {
			isa = PBXNativeTarget;
			buildConfigurationList = C03F4E4C28C1BA8200A0C35C /* Build configuration list for PBXNativeTarget "BluetoothApp" */;
			buildPhases = (
				C03F4E3428C1BA8100A0C35C /* Sources */,
				C03F4E3528C1BA8100A0C35C /* Frameworks */,
				C03F4E3628C1BA8100A0C35C /* Resources */,
			);
			buildRules = (
			);
			dependencies = (
			);
			name = BluetoothApp;
			productName = BluetoothApp;
			productReference = C03F4E3828C1BA8100A0C35C /* BluetoothApp.app */;
			productType = "com.apple.product-type.application";
		};
/* End PBXNativeTarget section */

/* Begin PBXProject section */
		C03F4E3028C1BA8100A0C35C /* Project object */ = {
			isa = PBXProject;
			attributes = {
				BuildIndependentTargetsInParallel = 1;
				LastSwiftUpdateCheck = 1340;
				LastUpgradeCheck = 1340;
				TargetAttributes = {
					C03F4E3728C1BA8100A0C35C = {
						CreatedOnToolsVersion = 13.4;
					};
				};
			};
			buildConfigurationList = C03F4E3328C1BA8100A0C35C /* Build configuration list for PBXProject "BluetoothApp" */;
			compatibilityVersion = "Xcode 13.0";
			developmentRegion = en;
			hasScannedForEncodings = 0;
			knownRegions = (
				en,
				Base,
			);
			mainGroup = C03F4E2F28C1BA8100A0C35C;
			productRefGroup = C03F4E3928C1BA8100A0C35C /* Products */;
			projectDirPath = "";
			projectRoot = "";
			targets = (
				C03F4E3728C1BA8100A0C35C /* BluetoothApp */,
			);
		};
/* End PBXProject section */

/* Begin PBXResourcesBuildPhase section */
		C03F4E3628C1BA8100A0C35C /* Resources */ = {
			isa = PBXResourcesBuildPhase;
			buildActionMask = 2147483647;
			files = (
				C03F4E4828C1BA8200A0C35C /* LaunchScreen.storyboard in Resources */,
				C03F4E4528C1BA8200A0C35C /* Assets.xcassets in Resources */,
			);
			runOnlyForDeploymentPostprocessing = 0;
		};
/* End PBXResourcesBuildPhase section */

/* Begin PBXSourcesBuildPhase section */
		C03F4E3428C1BA8100A0C35C /* Sources */ = {
			isa = PBXSourcesBuildPhase;
			buildActionMask = 2147483647;
			files = (
				C03F502F28C1C1E800A0C35C /* Weakify+Ext.swift in Sources */,
				C0C2373328CD0650004F48E2 /* ConnectedPeripheralModel.swift in Sources */,
				C0C2373028CD05F1004F48E2 /* CustomHeader.swift in Sources */,
				C03F502B28C1C1E800A0C35C /* UIView+Extensions.swift in Sources */,
				C03F503728C1C1E800A0C35C /* ActionTypealias.swift in Sources */,
				C03F502A28C1C1E800A0C35C /* UIButton+Extensions.swift in Sources */,
				C03F503C28C1C22600A0C35C /* HomeView.swift in Sources */,
				C03F4E4028C1BA8100A0C35C /* ViewController.swift in Sources */,
				C03F503828C1C1E800A0C35C /* UIView+AxisAttribute.swift in Sources */,
				C03F503928C1C1E800A0C35C /* ViewCodeContract.swift in Sources */,
				521EE5C328CBD6A7002D2814 /* CustomCell.swift in Sources */,
				C03F502928C1C1E800A0C35C /* UIViewController+Extensions.swift in Sources */,
				C03F503428C1C1E800A0C35C /* UIView+LayoutGuides.swift in Sources */,
				C03F503128C1C1E800A0C35C /* UIView+SafeAreaAnchors.swift in Sources */,
				C03F4E3C28C1BA8100A0C35C /* AppDelegate.swift in Sources */,
				C03F503028C1C1E800A0C35C /* UITextField+Extensions.swift in Sources */,
				C0C2373728CD06B7004F48E2 /* PeripheralModel.swift in Sources */,
				C03F503328C1C1E800A0C35C /* AutoLayoutOption.swift in Sources */,
				C03F4E3E28C1BA8100A0C35C /* SceneDelegate.swift in Sources */,
				C03F503228C1C1E800A0C35C /* NSLayoutDimension+Extension.swift in Sources */,
				C0C2373B28CD0D52004F48E2 /* LastConnectedListView.swift in Sources */,
				C0C2372E28CC25D5004F48E2 /* Array+Ext.swift in Sources */,
				C03F503628C1C1E800A0C35C /* UIView+RawAnchors.swift in Sources */,
				C03F503528C1C1E800A0C35C /* Padding.swift in Sources */,
			);
			runOnlyForDeploymentPostprocessing = 0;
		};
/* End PBXSourcesBuildPhase section */

/* Begin PBXVariantGroup section */
		C03F4E4628C1BA8200A0C35C /* LaunchScreen.storyboard */ = {
			isa = PBXVariantGroup;
			children = (
				C03F4E4728C1BA8200A0C35C /* Base */,
			);
			name = LaunchScreen.storyboard;
			sourceTree = "<group>";
		};
/* End PBXVariantGroup section */

/* Begin XCBuildConfiguration section */
		C03F4E4A28C1BA8200A0C35C /* Debug */ = {
			isa = XCBuildConfiguration;
			buildSettings = {
				ALWAYS_SEARCH_USER_PATHS = NO;
				CLANG_ANALYZER_NONNULL = YES;
				CLANG_ANALYZER_NUMBER_OBJECT_CONVERSION = YES_AGGRESSIVE;
				CLANG_CXX_LANGUAGE_STANDARD = "gnu++17";
				CLANG_ENABLE_MODULES = YES;
				CLANG_ENABLE_OBJC_ARC = YES;
				CLANG_ENABLE_OBJC_WEAK = YES;
				CLANG_WARN_BLOCK_CAPTURE_AUTORELEASING = YES;
				CLANG_WARN_BOOL_CONVERSION = YES;
				CLANG_WARN_COMMA = YES;
				CLANG_WARN_CONSTANT_CONVERSION = YES;
				CLANG_WARN_DEPRECATED_OBJC_IMPLEMENTATIONS = YES;
				CLANG_WARN_DIRECT_OBJC_ISA_USAGE = YES_ERROR;
				CLANG_WARN_DOCUMENTATION_COMMENTS = YES;
				CLANG_WARN_EMPTY_BODY = YES;
				CLANG_WARN_ENUM_CONVERSION = YES;
				CLANG_WARN_INFINITE_RECURSION = YES;
				CLANG_WARN_INT_CONVERSION = YES;
				CLANG_WARN_NON_LITERAL_NULL_CONVERSION = YES;
				CLANG_WARN_OBJC_IMPLICIT_RETAIN_SELF = YES;
				CLANG_WARN_OBJC_LITERAL_CONVERSION = YES;
				CLANG_WARN_OBJC_ROOT_CLASS = YES_ERROR;
				CLANG_WARN_QUOTED_INCLUDE_IN_FRAMEWORK_HEADER = YES;
				CLANG_WARN_RANGE_LOOP_ANALYSIS = YES;
				CLANG_WARN_STRICT_PROTOTYPES = YES;
				CLANG_WARN_SUSPICIOUS_MOVE = YES;
				CLANG_WARN_UNGUARDED_AVAILABILITY = YES_AGGRESSIVE;
				CLANG_WARN_UNREACHABLE_CODE = YES;
				CLANG_WARN__DUPLICATE_METHOD_MATCH = YES;
				COPY_PHASE_STRIP = NO;
				DEBUG_INFORMATION_FORMAT = dwarf;
				ENABLE_STRICT_OBJC_MSGSEND = YES;
				ENABLE_TESTABILITY = YES;
				GCC_C_LANGUAGE_STANDARD = gnu11;
				GCC_DYNAMIC_NO_PIC = NO;
				GCC_NO_COMMON_BLOCKS = YES;
				GCC_OPTIMIZATION_LEVEL = 0;
				GCC_PREPROCESSOR_DEFINITIONS = (
					"DEBUG=1",
					"$(inherited)",
				);
				GCC_WARN_64_TO_32_BIT_CONVERSION = YES;
				GCC_WARN_ABOUT_RETURN_TYPE = YES_ERROR;
				GCC_WARN_UNDECLARED_SELECTOR = YES;
				GCC_WARN_UNINITIALIZED_AUTOS = YES_AGGRESSIVE;
				GCC_WARN_UNUSED_FUNCTION = YES;
				GCC_WARN_UNUSED_VARIABLE = YES;
				IPHONEOS_DEPLOYMENT_TARGET = 15.5;
				MTL_ENABLE_DEBUG_INFO = INCLUDE_SOURCE;
				MTL_FAST_MATH = YES;
				ONLY_ACTIVE_ARCH = YES;
				SDKROOT = iphoneos;
				SWIFT_ACTIVE_COMPILATION_CONDITIONS = DEBUG;
				SWIFT_OPTIMIZATION_LEVEL = "-Onone";
			};
			name = Debug;
		};
		C03F4E4B28C1BA8200A0C35C /* Release */ = {
			isa = XCBuildConfiguration;
			buildSettings = {
				ALWAYS_SEARCH_USER_PATHS = NO;
				CLANG_ANALYZER_NONNULL = YES;
				CLANG_ANALYZER_NUMBER_OBJECT_CONVERSION = YES_AGGRESSIVE;
				CLANG_CXX_LANGUAGE_STANDARD = "gnu++17";
				CLANG_ENABLE_MODULES = YES;
				CLANG_ENABLE_OBJC_ARC = YES;
				CLANG_ENABLE_OBJC_WEAK = YES;
				CLANG_WARN_BLOCK_CAPTURE_AUTORELEASING = YES;
				CLANG_WARN_BOOL_CONVERSION = YES;
				CLANG_WARN_COMMA = YES;
				CLANG_WARN_CONSTANT_CONVERSION = YES;
				CLANG_WARN_DEPRECATED_OBJC_IMPLEMENTATIONS = YES;
				CLANG_WARN_DIRECT_OBJC_ISA_USAGE = YES_ERROR;
				CLANG_WARN_DOCUMENTATION_COMMENTS = YES;
				CLANG_WARN_EMPTY_BODY = YES;
				CLANG_WARN_ENUM_CONVERSION = YES;
				CLANG_WARN_INFINITE_RECURSION = YES;
				CLANG_WARN_INT_CONVERSION = YES;
				CLANG_WARN_NON_LITERAL_NULL_CONVERSION = YES;
				CLANG_WARN_OBJC_IMPLICIT_RETAIN_SELF = YES;
				CLANG_WARN_OBJC_LITERAL_CONVERSION = YES;
				CLANG_WARN_OBJC_ROOT_CLASS = YES_ERROR;
				CLANG_WARN_QUOTED_INCLUDE_IN_FRAMEWORK_HEADER = YES;
				CLANG_WARN_RANGE_LOOP_ANALYSIS = YES;
				CLANG_WARN_STRICT_PROTOTYPES = YES;
				CLANG_WARN_SUSPICIOUS_MOVE = YES;
				CLANG_WARN_UNGUARDED_AVAILABILITY = YES_AGGRESSIVE;
				CLANG_WARN_UNREACHABLE_CODE = YES;
				CLANG_WARN__DUPLICATE_METHOD_MATCH = YES;
				COPY_PHASE_STRIP = NO;
				DEBUG_INFORMATION_FORMAT = "dwarf-with-dsym";
				ENABLE_NS_ASSERTIONS = NO;
				ENABLE_STRICT_OBJC_MSGSEND = YES;
				GCC_C_LANGUAGE_STANDARD = gnu11;
				GCC_NO_COMMON_BLOCKS = YES;
				GCC_WARN_64_TO_32_BIT_CONVERSION = YES;
				GCC_WARN_ABOUT_RETURN_TYPE = YES_ERROR;
				GCC_WARN_UNDECLARED_SELECTOR = YES;
				GCC_WARN_UNINITIALIZED_AUTOS = YES_AGGRESSIVE;
				GCC_WARN_UNUSED_FUNCTION = YES;
				GCC_WARN_UNUSED_VARIABLE = YES;
				IPHONEOS_DEPLOYMENT_TARGET = 15.5;
				MTL_ENABLE_DEBUG_INFO = NO;
				MTL_FAST_MATH = YES;
				SDKROOT = iphoneos;
				SWIFT_COMPILATION_MODE = wholemodule;
				SWIFT_OPTIMIZATION_LEVEL = "-O";
				VALIDATE_PRODUCT = YES;
			};
			name = Release;
		};
		C03F4E4D28C1BA8200A0C35C /* Debug */ = {
			isa = XCBuildConfiguration;
			buildSettings = {
				ASSETCATALOG_COMPILER_APPICON_NAME = AppIcon;
				ASSETCATALOG_COMPILER_GLOBAL_ACCENT_COLOR_NAME = AccentColor;
				CODE_SIGN_IDENTITY = "Apple Development";
				CODE_SIGN_STYLE = Automatic;
				CURRENT_PROJECT_VERSION = 2;
				DEVELOPMENT_TEAM = SQ669C5Y4F;
				GENERATE_INFOPLIST_FILE = YES;
				INFOPLIST_FILE = BluetoothApp/Info.plist;
				INFOPLIST_KEY_NSBluetoothAlwaysUsageDescription = "BluetoothApp location use";
				INFOPLIST_KEY_UIApplicationSupportsIndirectInputEvents = YES;
				INFOPLIST_KEY_UILaunchStoryboardName = LaunchScreen;
				INFOPLIST_KEY_UISupportedInterfaceOrientations = UIInterfaceOrientationPortrait;
				INFOPLIST_KEY_UISupportedInterfaceOrientations_iPad = "UIInterfaceOrientationPortrait UIInterfaceOrientationPortraitUpsideDown UIInterfaceOrientationLandscapeLeft UIInterfaceOrientationLandscapeRight";
				INFOPLIST_KEY_UISupportedInterfaceOrientations_iPhone = "UIInterfaceOrientationPortrait UIInterfaceOrientationLandscapeLeft UIInterfaceOrientationLandscapeRight";
				IPHONEOS_DEPLOYMENT_TARGET = 14.0;
				LD_RUNPATH_SEARCH_PATHS = (
					"$(inherited)",
					"@executable_path/Frameworks",
				);
				MARKETING_VERSION = 1.0;
				PRODUCT_BUNDLE_IDENTIFIER = innovatestechsc.BluetoothApp;
				PRODUCT_NAME = "$(TARGET_NAME)";
				PROVISIONING_PROFILE_SPECIFIER = "";
				SWIFT_EMIT_LOC_STRINGS = YES;
				SWIFT_VERSION = 5.0;
				TARGETED_DEVICE_FAMILY = 1;
			};
			name = Debug;
		};
		C03F4E4E28C1BA8200A0C35C /* Release */ = {
			isa = XCBuildConfiguration;
			buildSettings = {
				ASSETCATALOG_COMPILER_APPICON_NAME = AppIcon;
				ASSETCATALOG_COMPILER_GLOBAL_ACCENT_COLOR_NAME = AccentColor;
				CODE_SIGN_IDENTITY = "Apple Development";
				CODE_SIGN_STYLE = Automatic;
				CURRENT_PROJECT_VERSION = 2;
				DEVELOPMENT_TEAM = SQ669C5Y4F;
				GENERATE_INFOPLIST_FILE = YES;
				INFOPLIST_FILE = BluetoothApp/Info.plist;
				INFOPLIST_KEY_NSBluetoothAlwaysUsageDescription = "BluetoothApp location use";
				INFOPLIST_KEY_UIApplicationSupportsIndirectInputEvents = YES;
				INFOPLIST_KEY_UILaunchStoryboardName = LaunchScreen;
				INFOPLIST_KEY_UISupportedInterfaceOrientations = UIInterfaceOrientationPortrait;
				INFOPLIST_KEY_UISupportedInterfaceOrientations_iPad = "UIInterfaceOrientationPortrait UIInterfaceOrientationPortraitUpsideDown UIInterfaceOrientationLandscapeLeft UIInterfaceOrientationLandscapeRight";
				INFOPLIST_KEY_UISupportedInterfaceOrientations_iPhone = "UIInterfaceOrientationPortrait UIInterfaceOrientationLandscapeLeft UIInterfaceOrientationLandscapeRight";
				IPHONEOS_DEPLOYMENT_TARGET = 14.0;
				LD_RUNPATH_SEARCH_PATHS = (
					"$(inherited)",
					"@executable_path/Frameworks",
				);
				MARKETING_VERSION = 1.0;
				PRODUCT_BUNDLE_IDENTIFIER = innovatestechsc.BluetoothApp;
				PRODUCT_NAME = "$(TARGET_NAME)";
				PROVISIONING_PROFILE_SPECIFIER = "";
				SWIFT_EMIT_LOC_STRINGS = YES;
				SWIFT_VERSION = 5.0;
				TARGETED_DEVICE_FAMILY = 1;
			};
			name = Release;
		};
/* End XCBuildConfiguration section */

/* Begin XCConfigurationList section */
		C03F4E3328C1BA8100A0C35C /* Build configuration list for PBXProject "BluetoothApp" */ = {
			isa = XCConfigurationList;
			buildConfigurations = (
				C03F4E4A28C1BA8200A0C35C /* Debug */,
				C03F4E4B28C1BA8200A0C35C /* Release */,
			);
			defaultConfigurationIsVisible = 0;
			defaultConfigurationName = Release;
		};
		C03F4E4C28C1BA8200A0C35C /* Build configuration list for PBXNativeTarget "BluetoothApp" */ = {
			isa = XCConfigurationList;
			buildConfigurations = (
				C03F4E4D28C1BA8200A0C35C /* Debug */,
				C03F4E4E28C1BA8200A0C35C /* Release */,
			);
			defaultConfigurationIsVisible = 0;
			defaultConfigurationName = Release;
		};
/* End XCConfigurationList section */
	};
	rootObject = C03F4E3028C1BA8100A0C35C /* Project object */;
}
